
Microsoft Visual Studio Solution File, Format Version 12.00
# Visual Studio Version 16
VisualStudioVersion = 16.0.31410.357
MinimumVisualStudioVersion = 10.0.40219.1
Project("{FAE04EC0-301F-11D3-BF4B-00C04F79EFBC}") = "TrackerLibrary", "TrackerLibrary\TrackerLibrary.csproj", "{22678BA8-558A-47EE-8A46-CC861865DA46}"
EndProject
Project("{FAE04EC0-301F-11D3-BF4B-00C04F79EFBC}") = "TrackerUI", "TrackerUI\TrackerUI.csproj", "{CCD83AF9-FE79-443F-B783-304AD45D84EB}"
EndProject
Global
	GlobalSection(SolutionConfigurationPlatforms) = preSolution
		Debug|Any CPU = Debug|Any CPU
		Release|Any CPU = Release|Any CPU
	EndGlobalSection
	GlobalSection(ProjectConfigurationPlatforms) = postSolution
		{22678BA8-558A-47EE-8A46-CC861865DA46}.Debug|Any CPU.ActiveCfg = Debug|Any CPU
		{22678BA8-558A-47EE-8A46-CC861865DA46}.Debug|Any CPU.Build.0 = Debug|Any CPU
		{22678BA8-558A-47EE-8A46-CC861865DA46}.Release|Any CPU.ActiveCfg = Release|Any CPU
		{22678BA8-558A-47EE-8A46-CC861865DA46}.Release|Any CPU.Build.0 = Release|Any CPU
		{CCD83AF9-FE79-443F-B783-304AD45D84EB}.Debug|Any CPU.ActiveCfg = Debug|Any CPU
		{CCD83AF9-FE79-443F-B783-304AD45D84EB}.Debug|Any CPU.Build.0 = Debug|Any CPU
		{CCD83AF9-FE79-443F-B783-304AD45D84EB}.Release|Any CPU.ActiveCfg = Release|Any CPU
		{CCD83AF9-FE79-443F-B783-304AD45D84EB}.Release|Any CPU.Build.0 = Release|Any CPU
	EndGlobalSection
	GlobalSection(SolutionProperties) = preSolution
		HideSolutionNode = FALSE
	EndGlobalSection
	GlobalSection(ExtensibilityGlobals) = postSolution
		SolutionGuid = {BAE51F6B-E550-4643-A9D4-5E6E5A56BEAD}
	EndGlobalSection
EndGlobal
